
Microsoft Visual Studio Solution File, Format Version 12.00
# Visual Studio Version 17
VisualStudioVersion = 17.12.35707.178 d17.12
MinimumVisualStudioVersion = 10.0.40219.1
Project("{FAE04EC0-301F-11D3-BF4B-00C04F79EFBC}") = "FlightRouteAPI", "FlightRouteAPI\FlightRouteAPI.csproj", "{D69EB93B-6B93-48E4-A228-B7FAF1844BDB}"
EndProject
Project("{FAE04EC0-301F-11D3-BF4B-00C04F79EFBC}") = "FlightRouteAPI.Core", "FlightRouteAPI.Core\FlightRouteAPI.Core.csproj", "{84315EAF-D04F-41C3-8192-421036F403E3}"
EndProject
Project("{FAE04EC0-301F-11D3-BF4B-00C04F79EFBC}") = "FlightRouteAPI.Infrastructure", "FlightRouteAPI.Infrastructure\FlightRouteAPI.Infrastructure.csproj", "{49A5F8C1-7F15-4B70-87FB-CD130AB0AFC2}"
EndProject
Project("{FAE04EC0-301F-11D3-BF4B-00C04F79EFBC}") = "FlightRouteAPI.Application", "FlightRouteAPI.Application\FlightRouteAPI.Application.csproj", "{4C64CA86-988E-404E-A1EB-85E254288AB7}"
EndProject
Project("{FAE04EC0-301F-11D3-BF4B-00C04F79EFBC}") = "FlightRouteAPI.Tests", "FlightRouteAPI.Tests\FlightRouteAPI.Tests.csproj", "{A1C3230C-21CA-4898-817E-97F3FA38EC87}"
EndProject
Global
	GlobalSection(SolutionConfigurationPlatforms) = preSolution
		Debug|Any CPU = Debug|Any CPU
		Release|Any CPU = Release|Any CPU
	EndGlobalSection
	GlobalSection(ProjectConfigurationPlatforms) = postSolution
		{D69EB93B-6B93-48E4-A228-B7FAF1844BDB}.Debug|Any CPU.ActiveCfg = Debug|Any CPU
		{D69EB93B-6B93-48E4-A228-B7FAF1844BDB}.Debug|Any CPU.Build.0 = Debug|Any CPU
		{D69EB93B-6B93-48E4-A228-B7FAF1844BDB}.Release|Any CPU.ActiveCfg = Release|Any CPU
		{D69EB93B-6B93-48E4-A228-B7FAF1844BDB}.Release|Any CPU.Build.0 = Release|Any CPU
		{84315EAF-D04F-41C3-8192-421036F403E3}.Debug|Any CPU.ActiveCfg = Debug|Any CPU
		{84315EAF-D04F-41C3-8192-421036F403E3}.Debug|Any CPU.Build.0 = Debug|Any CPU
		{84315EAF-D04F-41C3-8192-421036F403E3}.Release|Any CPU.ActiveCfg = Release|Any CPU
		{84315EAF-D04F-41C3-8192-421036F403E3}.Release|Any CPU.Build.0 = Release|Any CPU
		{49A5F8C1-7F15-4B70-87FB-CD130AB0AFC2}.Debug|Any CPU.ActiveCfg = Debug|Any CPU
		{49A5F8C1-7F15-4B70-87FB-CD130AB0AFC2}.Debug|Any CPU.Build.0 = Debug|Any CPU
		{49A5F8C1-7F15-4B70-87FB-CD130AB0AFC2}.Release|Any CPU.ActiveCfg = Release|Any CPU
		{49A5F8C1-7F15-4B70-87FB-CD130AB0AFC2}.Release|Any CPU.Build.0 = Release|Any CPU
		{4C64CA86-988E-404E-A1EB-85E254288AB7}.Debug|Any CPU.ActiveCfg = Debug|Any CPU
		{4C64CA86-988E-404E-A1EB-85E254288AB7}.Debug|Any CPU.Build.0 = Debug|Any CPU
		{4C64CA86-988E-404E-A1EB-85E254288AB7}.Release|Any CPU.ActiveCfg = Release|Any CPU
		{4C64CA86-988E-404E-A1EB-85E254288AB7}.Release|Any CPU.Build.0 = Release|Any CPU
		{A1C3230C-21CA-4898-817E-97F3FA38EC87}.Debug|Any CPU.ActiveCfg = Debug|Any CPU
		{A1C3230C-21CA-4898-817E-97F3FA38EC87}.Debug|Any CPU.Build.0 = Debug|Any CPU
		{A1C3230C-21CA-4898-817E-97F3FA38EC87}.Release|Any CPU.ActiveCfg = Release|Any CPU
		{A1C3230C-21CA-4898-817E-97F3FA38EC87}.Release|Any CPU.Build.0 = Release|Any CPU
	EndGlobalSection
	GlobalSection(SolutionProperties) = preSolution
		HideSolutionNode = FALSE
	EndGlobalSection
EndGlobal
